// !$*UTF8*$!
{
	archiveVersion = 1;
	classes = {
	};
	objectVersion = 56;
	objects = {

/* Begin PBXBuildFile section */
		SR0000000000000000000001 /* AppDelegate.swift in Sources */ = {isa = PBXBuildFile; fileRef = SR0000000000000000000011 /* AppDelegate.swift */; };
		SR0000000000000000000002 /* VolcengineTLSProducer in Frameworks */ = {isa = PBXBuildFile; productRef = SR0000000000000000000021 /* VolcengineTLSProducer */; };
/* End PBXBuildFile section */

/* Begin PBXFileReference section */
		SR0000000000000000000011 /* AppDelegate.swift */ = {isa = PBXFileReference; lastKnownFileType = sourcecode.swift; path = AppDelegate.swift; sourceTree = "<group>"; };
		SR0000000000000000000012 /* Info.plist */ = {isa = PBXFileReference; lastKnownFileType = text.plist.xml; path = Info.plist; sourceTree = "<group>"; };
		SR0000000000000000000013 /* SimulatorRecoveryHarness.app */ = {isa = PBXFileReference; explicitFileType = wrapper.application; includeInIndex = 0; path = SimulatorRecoveryHarness.app; sourceTree = BUILT_PRODUCTS_DIR; };
/* End PBXFileReference section */

/* Begin PBXFrameworksBuildPhase section */
		SR0000000000000000000031 /* Frameworks */ = {
			isa = PBXFrameworksBuildPhase;
			buildActionMask = 2147483647;
			files = (
				SR0000000000000000000002 /* VolcengineTLSProducer in Frameworks */,
			);
			runOnlyForDeploymentPostprocessing = 0;
		};
/* End PBXFrameworksBuildPhase section */

/* Begin PBXGroup section */
		SR0000000000000000000041 = {
			isa = PBXGroup;
			children = (
				SR0000000000000000000042 /* SimulatorRecoveryHarness */,
				SR0000000000000000000043 /* Products */,
			);
			sourceTree = "<group>";
		};
		SR0000000000000000000042 /* SimulatorRecoveryHarness */ = {
			isa = PBXGroup;
			children = (
				SR0000000000000000000011 /* AppDelegate.swift */,
				SR0000000000000000000012 /* Info.plist */,
			);
			path = SimulatorRecoveryHarness;
			sourceTree = "<group>";
		};
		SR0000000000000000000043 /* Products */ = {
			isa = PBXGroup;
			children = (
				SR0000000000000000000013 /* SimulatorRecoveryHarness.app */,
			);
			name = Products;
			sourceTree = "<group>";
		};
/* End PBXGroup section */

/* Begin PBXNativeTarget section */
		SR0000000000000000000051 /* SimulatorRecoveryHarness */ = {
			isa = PBXNativeTarget;
			buildConfigurationList = SR0000000000000000000061 /* Build configuration list for PBXNativeTarget "SimulatorRecoveryHarness" */;
			buildPhases = (
				SR0000000000000000000052 /* Sources */,
				SR0000000000000000000031 /* Frameworks */,
				SR0000000000000000000053 /* Resources */,
			);
			buildRules = (
			);
			dependencies = (
			);
			name = SimulatorRecoveryHarness;
			packageProductDependencies = (
				SR0000000000000000000021 /* VolcengineTLSProducer */,
			);
			productName = SimulatorRecoveryHarness;
			productReference = SR0000000000000000000013 /* SimulatorRecoveryHarness.app */;
			productType = "com.apple.product-type.application";
		};
/* End PBXNativeTarget section */

/* Begin PBXProject section */
		SR0000000000000000000071 /* Project object */ = {
			isa = PBXProject;
			attributes = {
				BuildIndependentTargetsInParallel = 1;
				LastSwiftUpdateCheck = 1430;
				LastUpgradeCheck = 1430;
				TargetAttributes = {
					SR0000000000000000000051 = {
						CreatedOnToolsVersion = 14.3.1;
					};
				};
			};
			buildConfigurationList = SR0000000000000000000072 /* Build configuration list for PBXProject "SimulatorRecoveryHarness" */;
			compatibilityVersion = "Xcode 14.0";
			developmentRegion = en;
			hasScannedForEncodings = 0;
			knownRegions = (
				en,
				Base,
			);
			mainGroup = SR0000000000000000000041;
			packageReferences = (
				SR0000000000000000000022 /* XCLocalSwiftPackageReference ../../../ */,
			);
			productRefGroup = SR0000000000000000000043 /* Products */;
			projectDirPath = "";
			projectRoot = "";
			targets = (
				SR0000000000000000000051 /* SimulatorRecoveryHarness */,
			);
		};
/* End PBXProject section */

/* Begin PBXResourcesBuildPhase section */
		SR0000000000000000000053 /* Resources */ = {
			isa = PBXResourcesBuildPhase;
			buildActionMask = 2147483647;
			files = (
			);
			runOnlyForDeploymentPostprocessing = 0;
		};
/* End PBXResourcesBuildPhase section */

/* Begin PBXSourcesBuildPhase section */
		SR0000000000000000000052 /* Sources */ = {
			isa = PBXSourcesBuildPhase;
			buildActionMask = 2147483647;
			files = (
				SR0000000000000000000001 /* AppDelegate.swift in Sources */,
			);
			runOnlyForDeploymentPostprocessing = 0;
		};
/* End PBXSourcesBuildPhase section */

/* Begin XCBuildConfiguration section */
		SR0000000000000000000081 /* Debug */ = {
			isa = XCBuildConfiguration;
			buildSettings = {
				ALWAYS_SEARCH_USER_PATHS = NO;
				CLANG_ANALYZER_NONNULL = YES;
				CLANG_ENABLE_MODULES = YES;
				CLANG_ENABLE_OBJC_ARC = YES;
				CLANG_WARN_BOOL_CONVERSION = YES;
				CLANG_WARN_COMMA = YES;
				CLANG_WARN_DIRECT_OBJC_ISA_USAGE = YES_ERROR;
				CLANG_WARN_EMPTY_BODY = YES;
				CLANG_WARN_INT_CONVERSION = YES;
				CLANG_WARN_UNGUARDED_AVAILABILITY = YES_AGGRESSIVE;
				COPY_PHASE_STRIP = NO;
				DEBUG_INFORMATION_FORMAT = dwarf;
				ENABLE_STRICT_OBJC_MSGSEND = YES;
				GCC_C_LANGUAGE_STANDARD = gnu11;
				GCC_NO_COMMON_BLOCKS = YES;
				GCC_OPTIMIZATION_LEVEL = 0;
				IPHONEOS_DEPLOYMENT_TARGET = 13.0;
				ONLY_ACTIVE_ARCH = YES;
				SDKROOT = iphoneos;
				SWIFT_ACTIVE_COMPILATION_CONDITIONS = DEBUG;
				SWIFT_OPTIMIZATION_LEVEL = "-Onone";
			};
			name = Debug;
		};
		SR0000000000000000000082 /* Release */ = {
			isa = XCBuildConfiguration;
			buildSettings = {
				ALWAYS_SEARCH_USER_PATHS = NO;
				CLANG_ANALYZER_NONNULL = YES;
				CLANG_ENABLE_MODULES = YES;
				CLANG_ENABLE_OBJC_ARC = YES;
				COPY_PHASE_STRIP = NO;
				DEBUG_INFORMATION_FORMAT = "dwarf-with-dsym";
				ENABLE_STRICT_OBJC_MSGSEND = YES;
				GCC_C_LANGUAGE_STANDARD = gnu11;
				GCC_NO_COMMON_BLOCKS = YES;
				GCC_OPTIMIZATION_LEVEL = s;
				IPHONEOS_DEPLOYMENT_TARGET = 13.0;
				ONLY_ACTIVE_ARCH = NO;
				SDKROOT = iphoneos;
				SWIFT_COMPILATION_MODE = wholemodule;
				SWIFT_OPTIMIZATION_LEVEL = "-O";
			};
			name = Release;
		};
		SR0000000000000000000083 /* Debug */ = {
			isa = XCBuildConfiguration;
			buildSettings = {
				CODE_SIGNING_ALLOWED = NO;
				CODE_SIGNING_REQUIRED = NO;
				CODE_SIGN_IDENTITY = "";
				CURRENT_PROJECT_VERSION = 1;
				DEVELOPMENT_TEAM = "";
				GENERATE_INFOPLIST_FILE = NO;
				INFOPLIST_FILE = SimulatorRecoveryHarness/Info.plist;
				IPHONEOS_DEPLOYMENT_TARGET = 13.0;
				LD_RUNPATH_SEARCH_PATHS = (
					"$(inherited)",
					"@executable_path/Frameworks",
				);
				MARKETING_VERSION = 1.0;
				PRODUCT_BUNDLE_IDENTIFIER = com.volcengine.tls.SimulatorRecoveryHarness;
				PRODUCT_NAME = "$(TARGET_NAME)";
				SWIFT_VERSION = 5.0;
				TARGETED_DEVICE_FAMILY = "1,2";
			};
			name = Debug;
		};
		SR0000000000000000000084 /* Release */ = {
			isa = XCBuildConfiguration;
			buildSettings = {
				CODE_SIGNING_ALLOWED = NO;
				CODE_SIGNING_REQUIRED = NO;
				CODE_SIGN_IDENTITY = "";
				CURRENT_PROJECT_VERSION = 1;
				DEVELOPMENT_TEAM = "";
				GENERATE_INFOPLIST_FILE = NO;
				INFOPLIST_FILE = SimulatorRecoveryHarness/Info.plist;
				IPHONEOS_DEPLOYMENT_TARGET = 13.0;
				LD_RUNPATH_SEARCH_PATHS = (
					"$(inherited)",
					"@executable_path/Frameworks",
				);
				MARKETING_VERSION = 1.0;
				PRODUCT_BUNDLE_IDENTIFIER = com.volcengine.tls.SimulatorRecoveryHarness;
				PRODUCT_NAME = "$(TARGET_NAME)";
				SWIFT_COMPILATION_MODE = wholemodule;
				SWIFT_VERSION = 5.0;
				TARGETED_DEVICE_FAMILY = "1,2";
			};
			name = Release;
		};
/* End XCBuildConfiguration section */

/* Begin XCConfigurationList section */
		SR0000000000000000000072 /* Build configuration list for PBXProject "SimulatorRecoveryHarness" */ = {
			isa = XCConfigurationList;
			buildConfigurations = (
				SR0000000000000000000081 /* Debug */,
				SR0000000000000000000082 /* Release */,
			);
			defaultConfigurationIsVisible = 0;
			defaultConfigurationName = Release;
		};
		SR0000000000000000000061 /* Build configuration list for PBXNativeTarget "SimulatorRecoveryHarness" */ = {
			isa = XCConfigurationList;
			buildConfigurations = (
				SR0000000000000000000083 /* Debug */,
				SR0000000000000000000084 /* Release */,
			);
			defaultConfigurationIsVisible = 0;
			defaultConfigurationName = Release;
		};
/* End XCConfigurationList section */

/* Begin XCLocalSwiftPackageReference section */
		SR0000000000000000000022 /* XCLocalSwiftPackageReference ../../../ */ = {
			isa = XCLocalSwiftPackageReference;
			relativePath = ../../../;
		};
/* End XCLocalSwiftPackageReference section */

/* Begin XCSwiftPackageProductDependency section */
		SR0000000000000000000021 /* VolcengineTLSProducer */ = {
			isa = XCSwiftPackageProductDependency;
			package = SR0000000000000000000022 /* XCLocalSwiftPackageReference ../../../ */;
			productName = VolcengineTLSProducer;
		};
/* End XCSwiftPackageProductDependency section */
	};
	rootObject = SR0000000000000000000071 /* Project object */;
}
